
Microsoft Visual Studio Solution File, Format Version 12.00
# Visual Studio 15
VisualStudioVersion = 15.0.28307.1231
MinimumVisualStudioVersion = 10.0.40219.1
Project("{FAE04EC0-301F-11D3-BF4B-00C04F79EFBC}") = "BulkMond", "BulkMond\BulkMond.csproj", "{6F70CE8F-47B4-421A-866F-01871EC0ADAC}"
EndProject
Global
	GlobalSection(SolutionConfigurationPlatforms) = preSolution
		Debug|Any CPU = Debug|Any CPU
		Release|Any CPU = Release|Any CPU
	EndGlobalSection
	GlobalSection(ProjectConfigurationPlatforms) = postSolution
		{6F70CE8F-47B4-421A-866F-01871EC0ADAC}.Debug|Any CPU.ActiveCfg = Debug|Any CPU
		{6F70CE8F-47B4-421A-866F-01871EC0ADAC}.Debug|Any CPU.Build.0 = Debug|Any CPU
		{6F70CE8F-47B4-421A-866F-01871EC0ADAC}.Release|Any CPU.ActiveCfg = Release|Any CPU
		{6F70CE8F-47B4-421A-866F-01871EC0ADAC}.Release|Any CPU.Build.0 = Release|Any CPU
	EndGlobalSection
	GlobalSection(SolutionProperties) = preSolution
		HideSolutionNode = FALSE
	EndGlobalSection
	GlobalSection(ExtensibilityGlobals) = postSolution
		SolutionGuid = {038248CF-AB16-48C1-B50C-B7FD29AE1832}
	EndGlobalSection
EndGlobal
